// !$*UTF8*$!
{
	archiveVersion = 1;
	classes = {
	};
	objectVersion = 50;
	objects = {

/* Begin PBXBuildFile section */
		243A125425479163004B51A0 /* seniordesignApp.swift in Sources */ = {isa = PBXBuildFile; fileRef = 243A125325479163004B51A0 /* seniordesignApp.swift */; };
		243A125625479163004B51A0 /* ContentView.swift in Sources */ = {isa = PBXBuildFile; fileRef = 243A125525479163004B51A0 /* ContentView.swift */; };
		243A125825479165004B51A0 /* Assets.xcassets in Resources */ = {isa = PBXBuildFile; fileRef = 243A125725479165004B51A0 /* Assets.xcassets */; };
		243A125B25479165004B51A0 /* Preview Assets.xcassets in Resources */ = {isa = PBXBuildFile; fileRef = 243A125A25479165004B51A0 /* Preview Assets.xcassets */; };
		243A126625479166004B51A0 /* seniordesignTests.swift in Sources */ = {isa = PBXBuildFile; fileRef = 243A126525479166004B51A0 /* seniordesignTests.swift */; };
		243A127125479166004B51A0 /* seniordesignUITests.swift in Sources */ = {isa = PBXBuildFile; fileRef = 243A127025479166004B51A0 /* seniordesignUITests.swift */; };
		243A12822547A2EA004B51A0 /* Storyboard.storyboard in Resources */ = {isa = PBXBuildFile; fileRef = 243A12812547A2EA004B51A0 /* Storyboard.storyboard */; };
/* End PBXBuildFile section */

/* Begin PBXContainerItemProxy section */
		243A126225479166004B51A0 /* PBXContainerItemProxy */ = {
			isa = PBXContainerItemProxy;
			containerPortal = 243A124825479163004B51A0 /* Project object */;
			proxyType = 1;
			remoteGlobalIDString = 243A124F25479163004B51A0;
			remoteInfo = seniordesign;
		};
		243A126D25479166004B51A0 /* PBXContainerItemProxy */ = {
			isa = PBXContainerItemProxy;
			containerPortal = 243A124825479163004B51A0 /* Project object */;
			proxyType = 1;
			remoteGlobalIDString = 243A124F25479163004B51A0;
			remoteInfo = seniordesign;
		};
/* End PBXContainerItemProxy section */

/* Begin PBXFileReference section */
		243A125025479163004B51A0 /* seniordesign.app */ = {isa = PBXFileReference; explicitFileType = wrapper.application; includeInIndex = 0; path = seniordesign.app; sourceTree = BUILT_PRODUCTS_DIR; };
		243A125325479163004B51A0 /* seniordesignApp.swift */ = {isa = PBXFileReference; lastKnownFileType = sourcecode.swift; path = seniordesignApp.swift; sourceTree = "<group>"; };
		243A125525479163004B51A0 /* ContentView.swift */ = {isa = PBXFileReference; lastKnownFileType = sourcecode.swift; path = ContentView.swift; sourceTree = "<group>"; };
		243A125725479165004B51A0 /* Assets.xcassets */ = {isa = PBXFileReference; lastKnownFileType = folder.assetcatalog; path = Assets.xcassets; sourceTree = "<group>"; };
		243A125A25479165004B51A0 /* Preview Assets.xcassets */ = {isa = PBXFileReference; lastKnownFileType = folder.assetcatalog; path = "Preview Assets.xcassets"; sourceTree = "<group>"; };
		243A125C25479165004B51A0 /* Info.plist */ = {isa = PBXFileReference; lastKnownFileType = text.plist.xml; path = Info.plist; sourceTree = "<group>"; };
		243A126125479166004B51A0 /* seniordesignTests.xctest */ = {isa = PBXFileReference; explicitFileType = wrapper.cfbundle; includeInIndex = 0; path = seniordesignTests.xctest; sourceTree = BUILT_PRODUCTS_DIR; };
		243A126525479166004B51A0 /* seniordesignTests.swift */ = {isa = PBXFileReference; lastKnownFileType = sourcecode.swift; path = seniordesignTests.swift; sourceTree = "<group>"; };
		243A126725479166004B51A0 /* Info.plist */ = {isa = PBXFileReference; lastKnownFileType = text.plist.xml; path = Info.plist; sourceTree = "<group>"; };
		243A126C25479166004B51A0 /* seniordesignUITests.xctest */ = {isa = PBXFileReference; explicitFileType = wrapper.cfbundle; includeInIndex = 0; path = seniordesignUITests.xctest; sourceTree = BUILT_PRODUCTS_DIR; };
		243A127025479166004B51A0 /* seniordesignUITests.swift */ = {isa = PBXFileReference; lastKnownFileType = sourcecode.swift; path = seniordesignUITests.swift; sourceTree = "<group>"; };
		243A127225479166004B51A0 /* Info.plist */ = {isa = PBXFileReference; lastKnownFileType = text.plist.xml; path = Info.plist; sourceTree = "<group>"; };
		243A12812547A2EA004B51A0 /* Storyboard.storyboard */ = {isa = PBXFileReference; lastKnownFileType = file.storyboard; path = Storyboard.storyboard; sourceTree = "<group>"; };
/* End PBXFileReference section */

/* Begin PBXFrameworksBuildPhase section */
		243A124D25479163004B51A0 /* Frameworks */ = {
			isa = PBXFrameworksBuildPhase;
			buildActionMask = 2147483647;
			files = (
			);
			runOnlyForDeploymentPostprocessing = 0;
		};
		243A125E25479166004B51A0 /* Frameworks */ = {
			isa = PBXFrameworksBuildPhase;
			buildActionMask = 2147483647;
			files = (
			);
			runOnlyForDeploymentPostprocessing = 0;
		};
		243A126925479166004B51A0 /* Frameworks */ = {
			isa = PBXFrameworksBuildPhase;
			buildActionMask = 2147483647;
			files = (
			);
			runOnlyForDeploymentPostprocessing = 0;
		};
/* End PBXFrameworksBuildPhase section */

/* Begin PBXGroup section */
		243A124725479163004B51A0 = {
			isa = PBXGroup;
			children = (
				243A125225479163004B51A0 /* seniordesign */,
				243A126425479166004B51A0 /* seniordesignTests */,
				243A126F25479166004B51A0 /* seniordesignUITests */,
				243A125125479163004B51A0 /* Products */,
			);
			sourceTree = "<group>";
		};
		243A125125479163004B51A0 /* Products */ = {
			isa = PBXGroup;
			children = (
				243A125025479163004B51A0 /* seniordesign.app */,
				243A126125479166004B51A0 /* seniordesignTests.xctest */,
				243A126C25479166004B51A0 /* seniordesignUITests.xctest */,
			);
			name = Products;
			sourceTree = "<group>";
		};
		243A125225479163004B51A0 /* seniordesign */ = {
			isa = PBXGroup;
			children = (
				243A125325479163004B51A0 /* seniordesignApp.swift */,
				243A125525479163004B51A0 /* ContentView.swift */,
				243A12812547A2EA004B51A0 /* Storyboard.storyboard */,
				243A125725479165004B51A0 /* Assets.xcassets */,
				243A125C25479165004B51A0 /* Info.plist */,
				243A125925479165004B51A0 /* Preview Content */,
			);
			path = seniordesign;
			sourceTree = "<group>";
		};
		243A125925479165004B51A0 /* Preview Content */ = {
			isa = PBXGroup;
			children = (
				243A125A25479165004B51A0 /* Preview Assets.xcassets */,
			);
			path = "Preview Content";
			sourceTree = "<group>";
		};
		243A126425479166004B51A0 /* seniordesignTests */ = {
			isa = PBXGroup;
			children = (
				243A126525479166004B51A0 /* seniordesignTests.swift */,
				243A126725479166004B51A0 /* Info.plist */,
			);
			path = seniordesignTests;
			sourceTree = "<group>";
		};
		243A126F25479166004B51A0 /* seniordesignUITests */ = {
			isa = PBXGroup;
			children = (
				243A127025479166004B51A0 /* seniordesignUITests.swift */,
				243A127225479166004B51A0 /* Info.plist */,
			);
			path = seniordesignUITests;
			sourceTree = "<group>";
		};
/* End PBXGroup section */

/* Begin PBXNativeTarget section */
		243A124F25479163004B51A0 /* seniordesign */ = {
			isa = PBXNativeTarget;
			buildConfigurationList = 243A127525479166004B51A0 /* Build configuration list for PBXNativeTarget "seniordesign" */;
			buildPhases = (
				243A124C25479163004B51A0 /* Sources */,
				243A124D25479163004B51A0 /* Frameworks */,
				243A124E25479163004B51A0 /* Resources */,
			);
			buildRules = (
			);
			dependencies = (
			);
			name = seniordesign;
			productName = seniordesign;
			productReference = 243A125025479163004B51A0 /* seniordesign.app */;
			productType = "com.apple.product-type.application";
		};
		243A126025479166004B51A0 /* seniordesignTests */ = {
			isa = PBXNativeTarget;
			buildConfigurationList = 243A127825479166004B51A0 /* Build configuration list for PBXNativeTarget "seniordesignTests" */;
			buildPhases = (
				243A125D25479166004B51A0 /* Sources */,
				243A125E25479166004B51A0 /* Frameworks */,
				243A125F25479166004B51A0 /* Resources */,
			);
			buildRules = (
			);
			dependencies = (
				243A126325479166004B51A0 /* PBXTargetDependency */,
			);
			name = seniordesignTests;
			productName = seniordesignTests;
			productReference = 243A126125479166004B51A0 /* seniordesignTests.xctest */;
			productType = "com.apple.product-type.bundle.unit-test";
		};
		243A126B25479166004B51A0 /* seniordesignUITests */ = {
			isa = PBXNativeTarget;
			buildConfigurationList = 243A127B25479166004B51A0 /* Build configuration list for PBXNativeTarget "seniordesignUITests" */;
			buildPhases = (
				243A126825479166004B51A0 /* Sources */,
				243A126925479166004B51A0 /* Frameworks */,
				243A126A25479166004B51A0 /* Resources */,
			);
			buildRules = (
			);
			dependencies = (
				243A126E25479166004B51A0 /* PBXTargetDependency */,
			);
			name = seniordesignUITests;
			productName = seniordesignUITests;
			productReference = 243A126C25479166004B51A0 /* seniordesignUITests.xctest */;
			productType = "com.apple.product-type.bundle.ui-testing";
		};
/* End PBXNativeTarget section */

/* Begin PBXProject section */
		243A124825479163004B51A0 /* Project object */ = {
			isa = PBXProject;
			attributes = {
				LastSwiftUpdateCheck = 1210;
				LastUpgradeCheck = 1210;
				TargetAttributes = {
					243A124F25479163004B51A0 = {
						CreatedOnToolsVersion = 12.1;
					};
					243A126025479166004B51A0 = {
						CreatedOnToolsVersion = 12.1;
						TestTargetID = 243A124F25479163004B51A0;
					};
					243A126B25479166004B51A0 = {
						CreatedOnToolsVersion = 12.1;
						TestTargetID = 243A124F25479163004B51A0;
					};
				};
			};
			buildConfigurationList = 243A124B25479163004B51A0 /* Build configuration list for PBXProject "seniordesign" */;
			compatibilityVersion = "Xcode 9.3";
			developmentRegion = en;
			hasScannedForEncodings = 0;
			knownRegions = (
				en,
				Base,
			);
			mainGroup = 243A124725479163004B51A0;
			productRefGroup = 243A125125479163004B51A0 /* Products */;
			projectDirPath = "";
			projectRoot = "";
			targets = (
				243A124F25479163004B51A0 /* seniordesign */,
				243A126025479166004B51A0 /* seniordesignTests */,
				243A126B25479166004B51A0 /* seniordesignUITests */,
			);
		};
/* End PBXProject section */

/* Begin PBXResourcesBuildPhase section */
		243A124E25479163004B51A0 /* Resources */ = {
			isa = PBXResourcesBuildPhase;
			buildActionMask = 2147483647;
			files = (
				243A125B25479165004B51A0 /* Preview Assets.xcassets in Resources */,
				243A125825479165004B51A0 /* Assets.xcassets in Resources */,
				243A12822547A2EA004B51A0 /* Storyboard.storyboard in Resources */,
			);
			runOnlyForDeploymentPostprocessing = 0;
		};
		243A125F25479166004B51A0 /* Resources */ = {
			isa = PBXResourcesBuildPhase;
			buildActionMask = 2147483647;
			files = (
			);
			runOnlyForDeploymentPostprocessing = 0;
		};
		243A126A25479166004B51A0 /* Resources */ = {
			isa = PBXResourcesBuildPhase;
			buildActionMask = 2147483647;
			files = (
			);
			runOnlyForDeploymentPostprocessing = 0;
		};
/* End PBXResourcesBuildPhase section */

/* Begin PBXSourcesBuildPhase section */
		243A124C25479163004B51A0 /* Sources */ = {
			isa = PBXSourcesBuildPhase;
			buildActionMask = 2147483647;
			files = (
				243A125625479163004B51A0 /* ContentView.swift in Sources */,
				243A125425479163004B51A0 /* seniordesignApp.swift in Sources */,
			);
			runOnlyForDeploymentPostprocessing = 0;
		};
		243A125D25479166004B51A0 /* Sources */ = {
			isa = PBXSourcesBuildPhase;
			buildActionMask = 2147483647;
			files = (
				243A126625479166004B51A0 /* seniordesignTests.swift in Sources */,
			);
			runOnlyForDeploymentPostprocessing = 0;
		};
		243A126825479166004B51A0 /* Sources */ = {
			isa = PBXSourcesBuildPhase;
			buildActionMask = 2147483647;
			files = (
				243A127125479166004B51A0 /* seniordesignUITests.swift in Sources */,
			);
			runOnlyForDeploymentPostprocessing = 0;
		};
/* End PBXSourcesBuildPhase section */

/* Begin PBXTargetDependency section */
		243A126325479166004B51A0 /* PBXTargetDependency */ = {
			isa = PBXTargetDependency;
			target = 243A124F25479163004B51A0 /* seniordesign */;
			targetProxy = 243A126225479166004B51A0 /* PBXContainerItemProxy */;
		};
		243A126E25479166004B51A0 /* PBXTargetDependency */ = {
			isa = PBXTargetDependency;
			target = 243A124F25479163004B51A0 /* seniordesign */;
			targetProxy = 243A126D25479166004B51A0 /* PBXContainerItemProxy */;
		};
/* End PBXTargetDependency section */

/* Begin XCBuildConfiguration section */
		243A127325479166004B51A0 /* Debug */ = {
			isa = XCBuildConfiguration;
			buildSettings = {
				ALWAYS_SEARCH_USER_PATHS = NO;
				CLANG_ANALYZER_NONNULL = YES;
				CLANG_ANALYZER_NUMBER_OBJECT_CONVERSION = YES_AGGRESSIVE;
				CLANG_CXX_LANGUAGE_STANDARD = "gnu++14";
				CLANG_CXX_LIBRARY = "libc++";
				CLANG_ENABLE_MODULES = YES;
				CLANG_ENABLE_OBJC_ARC = YES;
				CLANG_ENABLE_OBJC_WEAK = YES;
				CLANG_WARN_BLOCK_CAPTURE_AUTORELEASING = YES;
				CLANG_WARN_BOOL_CONVERSION = YES;
				CLANG_WARN_COMMA = YES;
				CLANG_WARN_CONSTANT_CONVERSION = YES;
				CLANG_WARN_DEPRECATED_OBJC_IMPLEMENTATIONS = YES;
				CLANG_WARN_DIRECT_OBJC_ISA_USAGE = YES_ERROR;
				CLANG_WARN_DOCUMENTATION_COMMENTS = YES;
				CLANG_WARN_EMPTY_BODY = YES;
				CLANG_WARN_ENUM_CONVERSION = YES;
				CLANG_WARN_INFINITE_RECURSION = YES;
				CLANG_WARN_INT_CONVERSION = YES;
				CLANG_WARN_NON_LITERAL_NULL_CONVERSION = YES;
				CLANG_WARN_OBJC_IMPLICIT_RETAIN_SELF = YES;
				CLANG_WARN_OBJC_LITERAL_CONVERSION = YES;
				CLANG_WARN_OBJC_ROOT_CLASS = YES_ERROR;
				CLANG_WARN_QUOTED_INCLUDE_IN_FRAMEWORK_HEADER = YES;
				CLANG_WARN_RANGE_LOOP_ANALYSIS = YES;
				CLANG_WARN_STRICT_PROTOTYPES = YES;
				CLANG_WARN_SUSPICIOUS_MOVE = YES;
				CLANG_WARN_UNGUARDED_AVAILABILITY = YES_AGGRESSIVE;
				CLANG_WARN_UNREACHABLE_CODE = YES;
				CLANG_WARN__DUPLICATE_METHOD_MATCH = YES;
				COPY_PHASE_STRIP = NO;
				DEBUG_INFORMATION_FORMAT = dwarf;
				ENABLE_STRICT_OBJC_MSGSEND = YES;
				ENABLE_TESTABILITY = YES;
				GCC_C_LANGUAGE_STANDARD = gnu11;
				GCC_DYNAMIC_NO_PIC = NO;
				GCC_NO_COMMON_BLOCKS = YES;
				GCC_OPTIMIZATION_LEVEL = 0;
				GCC_PREPROCESSOR_DEFINITIONS = (
					"DEBUG=1",
					"$(inherited)",
				);
				GCC_WARN_64_TO_32_BIT_CONVERSION = YES;
				GCC_WARN_ABOUT_RETURN_TYPE = YES_ERROR;
				GCC_WARN_UNDECLARED_SELECTOR = YES;
				GCC_WARN_UNINITIALIZED_AUTOS = YES_AGGRESSIVE;
				GCC_WARN_UNUSED_FUNCTION = YES;
				GCC_WARN_UNUSED_VARIABLE = YES;
				IPHONEOS_DEPLOYMENT_TARGET = 14.1;
				MTL_ENABLE_DEBUG_INFO = INCLUDE_SOURCE;
				MTL_FAST_MATH = YES;
				ONLY_ACTIVE_ARCH = YES;
				SDKROOT = iphoneos;
				SWIFT_ACTIVE_COMPILATION_CONDITIONS = DEBUG;
				SWIFT_OPTIMIZATION_LEVEL = "-Onone";
			};
			name = Debug;
		};
		243A127425479166004B51A0 /* Release */ = {
			isa = XCBuildConfiguration;
			buildSettings = {
				ALWAYS_SEARCH_USER_PATHS = NO;
				CLANG_ANALYZER_NONNULL = YES;
				CLANG_ANALYZER_NUMBER_OBJECT_CONVERSION = YES_AGGRESSIVE;
				CLANG_CXX_LANGUAGE_STANDARD = "gnu++14";
				CLANG_CXX_LIBRARY = "libc++";
				CLANG_ENABLE_MODULES = YES;
				CLANG_ENABLE_OBJC_ARC = YES;
				CLANG_ENABLE_OBJC_WEAK = YES;
				CLANG_WARN_BLOCK_CAPTURE_AUTORELEASING = YES;
				CLANG_WARN_BOOL_CONVERSION = YES;
				CLANG_WARN_COMMA = YES;
				CLANG_WARN_CONSTANT_CONVERSION = YES;
				CLANG_WARN_DEPRECATED_OBJC_IMPLEMENTATIONS = YES;
				CLANG_WARN_DIRECT_OBJC_ISA_USAGE = YES_ERROR;
				CLANG_WARN_DOCUMENTATION_COMMENTS = YES;
				CLANG_WARN_EMPTY_BODY = YES;
				CLANG_WARN_ENUM_CONVERSION = YES;
				CLANG_WARN_INFINITE_RECURSION = YES;
				CLANG_WARN_INT_CONVERSION = YES;
				CLANG_WARN_NON_LITERAL_NULL_CONVERSION = YES;
				CLANG_WARN_OBJC_IMPLICIT_RETAIN_SELF = YES;
				CLANG_WARN_OBJC_LITERAL_CONVERSION = YES;
				CLANG_WARN_OBJC_ROOT_CLASS = YES_ERROR;
				CLANG_WARN_QUOTED_INCLUDE_IN_FRAMEWORK_HEADER = YES;
				CLANG_WARN_RANGE_LOOP_ANALYSIS = YES;
				CLANG_WARN_STRICT_PROTOTYPES = YES;
				CLANG_WARN_SUSPICIOUS_MOVE = YES;
				CLANG_WARN_UNGUARDED_AVAILABILITY = YES_AGGRESSIVE;
				CLANG_WARN_UNREACHABLE_CODE = YES;
				CLANG_WARN__DUPLICATE_METHOD_MATCH = YES;
				COPY_PHASE_STRIP = NO;
				DEBUG_INFORMATION_FORMAT = "dwarf-with-dsym";
				ENABLE_NS_ASSERTIONS = NO;
				ENABLE_STRICT_OBJC_MSGSEND = YES;
				GCC_C_LANGUAGE_STANDARD = gnu11;
				GCC_NO_COMMON_BLOCKS = YES;
				GCC_WARN_64_TO_32_BIT_CONVERSION = YES;
				GCC_WARN_ABOUT_RETURN_TYPE = YES_ERROR;
				GCC_WARN_UNDECLARED_SELECTOR = YES;
				GCC_WARN_UNINITIALIZED_AUTOS = YES_AGGRESSIVE;
				GCC_WARN_UNUSED_FUNCTION = YES;
				GCC_WARN_UNUSED_VARIABLE = YES;
				IPHONEOS_DEPLOYMENT_TARGET = 14.1;
				MTL_ENABLE_DEBUG_INFO = NO;
				MTL_FAST_MATH = YES;
				SDKROOT = iphoneos;
				SWIFT_COMPILATION_MODE = wholemodule;
				SWIFT_OPTIMIZATION_LEVEL = "-O";
				VALIDATE_PRODUCT = YES;
			};
			name = Release;
		};
		243A127625479166004B51A0 /* Debug */ = {
			isa = XCBuildConfiguration;
			buildSettings = {
				ASSETCATALOG_COMPILER_APPICON_NAME = AppIcon;
				ASSETCATALOG_COMPILER_GLOBAL_ACCENT_COLOR_NAME = AccentColor;
				CODE_SIGN_STYLE = Automatic;
				DEVELOPMENT_ASSET_PATHS = "\"seniordesign/Preview Content\"";
				ENABLE_PREVIEWS = YES;
				INFOPLIST_FILE = seniordesign/Info.plist;
				IPHONEOS_DEPLOYMENT_TARGET = 14.0;
				LD_RUNPATH_SEARCH_PATHS = (
					"$(inherited)",
					"@executable_path/Frameworks",
				);
				PRODUCT_BUNDLE_IDENTIFIER = Example.seniordesign;
				PRODUCT_NAME = "$(TARGET_NAME)";
				SWIFT_VERSION = 5.0;
				TARGETED_DEVICE_FAMILY = "1,2";
			};
			name = Debug;
		};
		243A127725479166004B51A0 /* Release */ = {
			isa = XCBuildConfiguration;
			buildSettings = {
				ASSETCATALOG_COMPILER_APPICON_NAME = AppIcon;
				ASSETCATALOG_COMPILER_GLOBAL_ACCENT_COLOR_NAME = AccentColor;
				CODE_SIGN_STYLE = Automatic;
				DEVELOPMENT_ASSET_PATHS = "\"seniordesign/Preview Content\"";
				ENABLE_PREVIEWS = YES;
				INFOPLIST_FILE = seniordesign/Info.plist;
				IPHONEOS_DEPLOYMENT_TARGET = 14.0;
				LD_RUNPATH_SEARCH_PATHS = (
					"$(inherited)",
					"@executable_path/Frameworks",
				);
				PRODUCT_BUNDLE_IDENTIFIER = Example.seniordesign;
				PRODUCT_NAME = "$(TARGET_NAME)";
				SWIFT_VERSION = 5.0;
				TARGETED_DEVICE_FAMILY = "1,2";
			};
			name = Release;
		};
		243A127925479166004B51A0 /* Debug */ = {
			isa = XCBuildConfiguration;
			buildSettings = {
				ALWAYS_EMBED_SWIFT_STANDARD_LIBRARIES = YES;
				BUNDLE_LOADER = "$(TEST_HOST)";
				CODE_SIGN_STYLE = Automatic;
				INFOPLIST_FILE = seniordesignTests/Info.plist;
				IPHONEOS_DEPLOYMENT_TARGET = 14.0;
				LD_RUNPATH_SEARCH_PATHS = (
					"$(inherited)",
					"@executable_path/Frameworks",
					"@loader_path/Frameworks",
				);
				PRODUCT_BUNDLE_IDENTIFIER = Example.seniordesignTests;
				PRODUCT_NAME = "$(TARGET_NAME)";
				SWIFT_VERSION = 5.0;
				TARGETED_DEVICE_FAMILY = "1,2";
				TEST_HOST = "$(BUILT_PRODUCTS_DIR)/seniordesign.app/seniordesign";
			};
			name = Debug;
		};
		243A127A25479166004B51A0 /* Release */ = {
			isa = XCBuildConfiguration;
			buildSettings = {
				ALWAYS_EMBED_SWIFT_STANDARD_LIBRARIES = YES;
				BUNDLE_LOADER = "$(TEST_HOST)";
				CODE_SIGN_STYLE = Automatic;
				INFOPLIST_FILE = seniordesignTests/Info.plist;
				IPHONEOS_DEPLOYMENT_TARGET = 14.0;
				LD_RUNPATH_SEARCH_PATHS = (
					"$(inherited)",
					"@executable_path/Frameworks",
					"@loader_path/Frameworks",
				);
				PRODUCT_BUNDLE_IDENTIFIER = Example.seniordesignTests;
				PRODUCT_NAME = "$(TARGET_NAME)";
				SWIFT_VERSION = 5.0;
				TARGETED_DEVICE_FAMILY = "1,2";
				TEST_HOST = "$(BUILT_PRODUCTS_DIR)/seniordesign.app/seniordesign";
			};
			name = Release;
		};
		243A127C25479166004B51A0 /* Debug */ = {
			isa = XCBuildConfiguration;
			buildSettings = {
				ALWAYS_EMBED_SWIFT_STANDARD_LIBRARIES = YES;
				CODE_SIGN_STYLE = Automatic;
				INFOPLIST_FILE = seniordesignUITests/Info.plist;
				LD_RUNPATH_SEARCH_PATHS = (
					"$(inherited)",
					"@executable_path/Frameworks",
					"@loader_path/Frameworks",
				);
				PRODUCT_BUNDLE_IDENTIFIER = Example.seniordesignUITests;
				PRODUCT_NAME = "$(TARGET_NAME)";
				SWIFT_VERSION = 5.0;
				TARGETED_DEVICE_FAMILY = "1,2";
				TEST_TARGET_NAME = seniordesign;
			};
			name = Debug;
		};
		243A127D25479166004B51A0 /* Release */ = {
			isa = XCBuildConfiguration;
			buildSettings = {
				ALWAYS_EMBED_SWIFT_STANDARD_LIBRARIES = YES;
				CODE_SIGN_STYLE = Automatic;
				INFOPLIST_FILE = seniordesignUITests/Info.plist;
				LD_RUNPATH_SEARCH_PATHS = (
					"$(inherited)",
					"@executable_path/Frameworks",
					"@loader_path/Frameworks",
				);
				PRODUCT_BUNDLE_IDENTIFIER = Example.seniordesignUITests;
				PRODUCT_NAME = "$(TARGET_NAME)";
				SWIFT_VERSION = 5.0;
				TARGETED_DEVICE_FAMILY = "1,2";
				TEST_TARGET_NAME = seniordesign;
			};
			name = Release;
		};
/* End XCBuildConfiguration section */

/* Begin XCConfigurationList section */
		243A124B25479163004B51A0 /* Build configuration list for PBXProject "seniordesign" */ = {
			isa = XCConfigurationList;
			buildConfigurations = (
				243A127325479166004B51A0 /* Debug */,
				243A127425479166004B51A0 /* Release */,
			);
			defaultConfigurationIsVisible = 0;
			defaultConfigurationName = Release;
		};
		243A127525479166004B51A0 /* Build configuration list for PBXNativeTarget "seniordesign" */ = {
			isa = XCConfigurationList;
			buildConfigurations = (
				243A127625479166004B51A0 /* Debug */,
				243A127725479166004B51A0 /* Release */,
			);
			defaultConfigurationIsVisible = 0;
			defaultConfigurationName = Release;
		};
		243A127825479166004B51A0 /* Build configuration list for PBXNativeTarget "seniordesignTests" */ = {
			isa = XCConfigurationList;
			buildConfigurations = (
				243A127925479166004B51A0 /* Debug */,
				243A127A25479166004B51A0 /* Release */,
			);
			defaultConfigurationIsVisible = 0;
			defaultConfigurationName = Release;
		};
		243A127B25479166004B51A0 /* Build configuration list for PBXNativeTarget "seniordesignUITests" */ = {
			isa = XCConfigurationList;
			buildConfigurations = (
				243A127C25479166004B51A0 /* Debug */,
				243A127D25479166004B51A0 /* Release */,
			);
			defaultConfigurationIsVisible = 0;
			defaultConfigurationName = Release;
		};
/* End XCConfigurationList section */
	};
	rootObject = 243A124825479163004B51A0 /* Project object */;
}
