// !$*UTF8*$!
{
	archiveVersion = 1;
	classes = {
	};
	objectVersion = 51;
	objects = {

/* Begin PBXBuildFile section */
		00433954254F72970061C0CB /* AppDelegate.swift in Sources */ = {isa = PBXBuildFile; fileRef = 00433953254F72970061C0CB /* AppDelegate.swift */; };
		00433956254F72970061C0CB /* SceneDelegate.swift in Sources */ = {isa = PBXBuildFile; fileRef = 00433955254F72970061C0CB /* SceneDelegate.swift */; };
		00433958254F72970061C0CB /* ViewController.swift in Sources */ = {isa = PBXBuildFile; fileRef = 00433957254F72970061C0CB /* ViewController.swift */; };
		0043395B254F72970061C0CB /* Main.storyboard in Resources */ = {isa = PBXBuildFile; fileRef = 00433959254F72970061C0CB /* Main.storyboard */; };
		0043395D254F72980061C0CB /* Assets.xcassets in Resources */ = {isa = PBXBuildFile; fileRef = 0043395C254F72980061C0CB /* Assets.xcassets */; };
		00433960254F72980061C0CB /* LaunchScreen.storyboard in Resources */ = {isa = PBXBuildFile; fileRef = 0043395E254F72980061C0CB /* LaunchScreen.storyboard */; };
		0043397E254F7CB90061C0CB /* TextSpeechViewController.swift in Sources */ = {isa = PBXBuildFile; fileRef = 0043397D254F7CB90061C0CB /* TextSpeechViewController.swift */; };
		00433985254F7EBC0061C0CB /* GpsViewController.swift in Sources */ = {isa = PBXBuildFile; fileRef = 00433984254F7EBC0061C0CB /* GpsViewController.swift */; };
		24A5E439255B2E1100D8D171 /* ScanViewController.swift in Sources */ = {isa = PBXBuildFile; fileRef = 24A5E438255B2E1100D8D171 /* ScanViewController.swift */; };
		24A5E465255DB12F00D8D171 /* GoogleService-Info.plist in Resources */ = {isa = PBXBuildFile; fileRef = 24A5E464255DB12F00D8D171 /* GoogleService-Info.plist */; };
		859517C0C19020A179D62DF2 /* Pods_PerryThePenguin.framework in Frameworks */ = {isa = PBXBuildFile; fileRef = DF60B938D6692BAB1CB638ED /* Pods_PerryThePenguin.framework */; };
/* End PBXBuildFile section */

/* Begin PBXFileReference section */
		00433950254F72970061C0CB /* PerryThePenguin.app */ = {isa = PBXFileReference; explicitFileType = wrapper.application; includeInIndex = 0; path = PerryThePenguin.app; sourceTree = BUILT_PRODUCTS_DIR; };
		00433953254F72970061C0CB /* AppDelegate.swift */ = {isa = PBXFileReference; lastKnownFileType = sourcecode.swift; path = AppDelegate.swift; sourceTree = "<group>"; };
		00433955254F72970061C0CB /* SceneDelegate.swift */ = {isa = PBXFileReference; lastKnownFileType = sourcecode.swift; path = SceneDelegate.swift; sourceTree = "<group>"; };
		00433957254F72970061C0CB /* ViewController.swift */ = {isa = PBXFileReference; lastKnownFileType = sourcecode.swift; path = ViewController.swift; sourceTree = "<group>"; };
		0043395A254F72970061C0CB /* Base */ = {isa = PBXFileReference; lastKnownFileType = file.storyboard; name = Base; path = Base.lproj/Main.storyboard; sourceTree = "<group>"; };
		0043395C254F72980061C0CB /* Assets.xcassets */ = {isa = PBXFileReference; lastKnownFileType = folder.assetcatalog; path = Assets.xcassets; sourceTree = "<group>"; };
		0043395F254F72980061C0CB /* Base */ = {isa = PBXFileReference; lastKnownFileType = file.storyboard; name = Base; path = Base.lproj/LaunchScreen.storyboard; sourceTree = "<group>"; };
		00433961254F72980061C0CB /* Info.plist */ = {isa = PBXFileReference; lastKnownFileType = text.plist.xml; path = Info.plist; sourceTree = "<group>"; };
		0043397D254F7CB90061C0CB /* TextSpeechViewController.swift */ = {isa = PBXFileReference; lastKnownFileType = sourcecode.swift; path = TextSpeechViewController.swift; sourceTree = "<group>"; };
		00433984254F7EBC0061C0CB /* GpsViewController.swift */ = {isa = PBXFileReference; lastKnownFileType = sourcecode.swift; path = GpsViewController.swift; sourceTree = "<group>"; };
		24A5E438255B2E1100D8D171 /* ScanViewController.swift */ = {isa = PBXFileReference; lastKnownFileType = sourcecode.swift; path = ScanViewController.swift; sourceTree = "<group>"; };
		24A5E464255DB12F00D8D171 /* GoogleService-Info.plist */ = {isa = PBXFileReference; fileEncoding = 4; lastKnownFileType = text.plist.xml; path = "GoogleService-Info.plist"; sourceTree = "<group>"; };
		9790A9A5DAFC52FF2A58488D /* Pods-PerryThePenguin.release.xcconfig */ = {isa = PBXFileReference; includeInIndex = 1; lastKnownFileType = text.xcconfig; name = "Pods-PerryThePenguin.release.xcconfig"; path = "Target Support Files/Pods-PerryThePenguin/Pods-PerryThePenguin.release.xcconfig"; sourceTree = "<group>"; };
		DF60B938D6692BAB1CB638ED /* Pods_PerryThePenguin.framework */ = {isa = PBXFileReference; explicitFileType = wrapper.framework; includeInIndex = 0; path = Pods_PerryThePenguin.framework; sourceTree = BUILT_PRODUCTS_DIR; };
		EC779820B9A51D451C86B0C5 /* Pods-PerryThePenguin.debug.xcconfig */ = {isa = PBXFileReference; includeInIndex = 1; lastKnownFileType = text.xcconfig; name = "Pods-PerryThePenguin.debug.xcconfig"; path = "Target Support Files/Pods-PerryThePenguin/Pods-PerryThePenguin.debug.xcconfig"; sourceTree = "<group>"; };
/* End PBXFileReference section */

/* Begin PBXFrameworksBuildPhase section */
		0043394D254F72970061C0CB /* Frameworks */ = {
			isa = PBXFrameworksBuildPhase;
			buildActionMask = 2147483647;
			files = (
				859517C0C19020A179D62DF2 /* Pods_PerryThePenguin.framework in Frameworks */,
			);
			runOnlyForDeploymentPostprocessing = 0;
		};
/* End PBXFrameworksBuildPhase section */

/* Begin PBXGroup section */
		00433947254F72960061C0CB = {
			isa = PBXGroup;
			children = (
				00433952254F72970061C0CB /* PerryThePenguin */,
				00433951254F72970061C0CB /* Products */,
				721BE13E214AA1247E972FCC /* Pods */,
				6E19B17F8E6A991C1A1C1AA9 /* Frameworks */,
			);
			sourceTree = "<group>";
		};
		00433951254F72970061C0CB /* Products */ = {
			isa = PBXGroup;
			children = (
				00433950254F72970061C0CB /* PerryThePenguin.app */,
			);
			name = Products;
			sourceTree = "<group>";
		};
		00433952254F72970061C0CB /* PerryThePenguin */ = {
			isa = PBXGroup;
			children = (
				00433953254F72970061C0CB /* AppDelegate.swift */,
				00433955254F72970061C0CB /* SceneDelegate.swift */,
				00433957254F72970061C0CB /* ViewController.swift */,
				00433959254F72970061C0CB /* Main.storyboard */,
				0043395C254F72980061C0CB /* Assets.xcassets */,
				0043395E254F72980061C0CB /* LaunchScreen.storyboard */,
				00433961254F72980061C0CB /* Info.plist */,
				24A5E464255DB12F00D8D171 /* GoogleService-Info.plist */,
				00433981254F7E690061C0CB /* GPS */,
				0043397C254F7CA60061C0CB /* TextSpeech */,
			);
			path = PerryThePenguin;
			sourceTree = "<group>";
		};
		0043397C254F7CA60061C0CB /* TextSpeech */ = {
			isa = PBXGroup;
			children = (
				24A5E438255B2E1100D8D171 /* ScanViewController.swift */,
				0043397D254F7CB90061C0CB /* TextSpeechViewController.swift */,
			);
			path = TextSpeech;
			sourceTree = "<group>";
		};
		00433981254F7E690061C0CB /* GPS */ = {
			isa = PBXGroup;
			children = (
				00433984254F7EBC0061C0CB /* GpsViewController.swift */,
			);
			path = GPS;
			sourceTree = "<group>";
		};
		6E19B17F8E6A991C1A1C1AA9 /* Frameworks */ = {
			isa = PBXGroup;
			children = (
				DF60B938D6692BAB1CB638ED /* Pods_PerryThePenguin.framework */,
			);
			name = Frameworks;
			sourceTree = "<group>";
		};
		721BE13E214AA1247E972FCC /* Pods */ = {
			isa = PBXGroup;
			children = (
				EC779820B9A51D451C86B0C5 /* Pods-PerryThePenguin.debug.xcconfig */,
				9790A9A5DAFC52FF2A58488D /* Pods-PerryThePenguin.release.xcconfig */,
			);
			path = Pods;
			sourceTree = "<group>";
		};
/* End PBXGroup section */

/* Begin PBXNativeTarget section */
		0043394F254F72970061C0CB /* PerryThePenguin */ = {
			isa = PBXNativeTarget;
			buildConfigurationList = 00433964254F72980061C0CB /* Build configuration list for PBXNativeTarget "PerryThePenguin" */;
			buildPhases = (
				65E837EEB0CD7D308CE3448E /* [CP] Check Pods Manifest.lock */,
				0043394C254F72970061C0CB /* Sources */,
				0043394D254F72970061C0CB /* Frameworks */,
				0043394E254F72970061C0CB /* Resources */,
				317DF0371C6C65B8703552BA /* [CP] Embed Pods Frameworks */,
			);
			buildRules = (
			);
			dependencies = (
			);
			name = PerryThePenguin;
			productName = PerryThePenguin;
			productReference = 00433950254F72970061C0CB /* PerryThePenguin.app */;
			productType = "com.apple.product-type.application";
		};
/* End PBXNativeTarget section */

/* Begin PBXProject section */
		00433948254F72960061C0CB /* Project object */ = {
			isa = PBXProject;
			attributes = {
				LastSwiftUpdateCheck = 1210;
				LastUpgradeCheck = 1210;
				TargetAttributes = {
					0043394F254F72970061C0CB = {
						CreatedOnToolsVersion = 12.1;
					};
				};
			};
			buildConfigurationList = 0043394B254F72960061C0CB /* Build configuration list for PBXProject "PerryThePenguin" */;
			compatibilityVersion = "Xcode 9.3";
			developmentRegion = en;
			hasScannedForEncodings = 0;
			knownRegions = (
				en,
				Base,
			);
			mainGroup = 00433947254F72960061C0CB;
			productRefGroup = 00433951254F72970061C0CB /* Products */;
			projectDirPath = "";
			projectRoot = "";
			targets = (
				0043394F254F72970061C0CB /* PerryThePenguin */,
			);
		};
/* End PBXProject section */

/* Begin PBXResourcesBuildPhase section */
		0043394E254F72970061C0CB /* Resources */ = {
			isa = PBXResourcesBuildPhase;
			buildActionMask = 2147483647;
			files = (
				00433960254F72980061C0CB /* LaunchScreen.storyboard in Resources */,
				24A5E465255DB12F00D8D171 /* GoogleService-Info.plist in Resources */,
				0043395D254F72980061C0CB /* Assets.xcassets in Resources */,
				0043395B254F72970061C0CB /* Main.storyboard in Resources */,
			);
			runOnlyForDeploymentPostprocessing = 0;
		};
/* End PBXResourcesBuildPhase section */

/* Begin PBXShellScriptBuildPhase section */
		317DF0371C6C65B8703552BA /* [CP] Embed Pods Frameworks */ = {
			isa = PBXShellScriptBuildPhase;
			buildActionMask = 2147483647;
			files = (
			);
			inputFileListPaths = (
				"${PODS_ROOT}/Target Support Files/Pods-PerryThePenguin/Pods-PerryThePenguin-frameworks-${CONFIGURATION}-input-files.xcfilelist",
			);
			name = "[CP] Embed Pods Frameworks";
			outputFileListPaths = (
				"${PODS_ROOT}/Target Support Files/Pods-PerryThePenguin/Pods-PerryThePenguin-frameworks-${CONFIGURATION}-output-files.xcfilelist",
			);
			runOnlyForDeploymentPostprocessing = 0;
			shellPath = /bin/sh;
			shellScript = "\"${PODS_ROOT}/Target Support Files/Pods-PerryThePenguin/Pods-PerryThePenguin-frameworks.sh\"\n";
			showEnvVarsInLog = 0;
		};
		65E837EEB0CD7D308CE3448E /* [CP] Check Pods Manifest.lock */ = {
			isa = PBXShellScriptBuildPhase;
			buildActionMask = 2147483647;
			files = (
			);
			inputFileListPaths = (
			);
			inputPaths = (
				"${PODS_PODFILE_DIR_PATH}/Podfile.lock",
				"${PODS_ROOT}/Manifest.lock",
			);
			name = "[CP] Check Pods Manifest.lock";
			outputFileListPaths = (
			);
			outputPaths = (
				"$(DERIVED_FILE_DIR)/Pods-PerryThePenguin-checkManifestLockResult.txt",
			);
			runOnlyForDeploymentPostprocessing = 0;
			shellPath = /bin/sh;
			shellScript = "diff \"${PODS_PODFILE_DIR_PATH}/Podfile.lock\" \"${PODS_ROOT}/Manifest.lock\" > /dev/null\nif [ $? != 0 ] ; then\n    # print error to STDERR\n    echo \"error: The sandbox is not in sync with the Podfile.lock. Run 'pod install' or update your CocoaPods installation.\" >&2\n    exit 1\nfi\n# This output is used by Xcode 'outputs' to avoid re-running this script phase.\necho \"SUCCESS\" > \"${SCRIPT_OUTPUT_FILE_0}\"\n";
			showEnvVarsInLog = 0;
		};
/* End PBXShellScriptBuildPhase section */

/* Begin PBXSourcesBuildPhase section */
		0043394C254F72970061C0CB /* Sources */ = {
			isa = PBXSourcesBuildPhase;
			buildActionMask = 2147483647;
			files = (
				00433958254F72970061C0CB /* ViewController.swift in Sources */,
				24A5E439255B2E1100D8D171 /* ScanViewController.swift in Sources */,
				00433985254F7EBC0061C0CB /* GpsViewController.swift in Sources */,
				00433954254F72970061C0CB /* AppDelegate.swift in Sources */,
				00433956254F72970061C0CB /* SceneDelegate.swift in Sources */,
				0043397E254F7CB90061C0CB /* TextSpeechViewController.swift in Sources */,
			);
			runOnlyForDeploymentPostprocessing = 0;
		};
/* End PBXSourcesBuildPhase section */

/* Begin PBXVariantGroup section */
		00433959254F72970061C0CB /* Main.storyboard */ = {
			isa = PBXVariantGroup;
			children = (
				0043395A254F72970061C0CB /* Base */,
			);
			name = Main.storyboard;
			sourceTree = "<group>";
		};
		0043395E254F72980061C0CB /* LaunchScreen.storyboard */ = {
			isa = PBXVariantGroup;
			children = (
				0043395F254F72980061C0CB /* Base */,
			);
			name = LaunchScreen.storyboard;
			sourceTree = "<group>";
		};
/* End PBXVariantGroup section */

/* Begin XCBuildConfiguration section */
		00433962254F72980061C0CB /* Debug */ = {
			isa = XCBuildConfiguration;
			buildSettings = {
				ALWAYS_SEARCH_USER_PATHS = NO;
				CLANG_ANALYZER_NONNULL = YES;
				CLANG_ANALYZER_NUMBER_OBJECT_CONVERSION = YES_AGGRESSIVE;
				CLANG_CXX_LANGUAGE_STANDARD = "gnu++14";
				CLANG_CXX_LIBRARY = "libc++";
				CLANG_ENABLE_MODULES = YES;
				CLANG_ENABLE_OBJC_ARC = YES;
				CLANG_ENABLE_OBJC_WEAK = YES;
				CLANG_WARN_BLOCK_CAPTURE_AUTORELEASING = YES;
				CLANG_WARN_BOOL_CONVERSION = YES;
				CLANG_WARN_COMMA = YES;
				CLANG_WARN_CONSTANT_CONVERSION = YES;
				CLANG_WARN_DEPRECATED_OBJC_IMPLEMENTATIONS = YES;
				CLANG_WARN_DIRECT_OBJC_ISA_USAGE = YES_ERROR;
				CLANG_WARN_DOCUMENTATION_COMMENTS = YES;
				CLANG_WARN_EMPTY_BODY = YES;
				CLANG_WARN_ENUM_CONVERSION = YES;
				CLANG_WARN_INFINITE_RECURSION = YES;
				CLANG_WARN_INT_CONVERSION = YES;
				CLANG_WARN_NON_LITERAL_NULL_CONVERSION = YES;
				CLANG_WARN_OBJC_IMPLICIT_RETAIN_SELF = YES;
				CLANG_WARN_OBJC_LITERAL_CONVERSION = YES;
				CLANG_WARN_OBJC_ROOT_CLASS = YES_ERROR;
				CLANG_WARN_QUOTED_INCLUDE_IN_FRAMEWORK_HEADER = YES;
				CLANG_WARN_RANGE_LOOP_ANALYSIS = YES;
				CLANG_WARN_STRICT_PROTOTYPES = YES;
				CLANG_WARN_SUSPICIOUS_MOVE = YES;
				CLANG_WARN_UNGUARDED_AVAILABILITY = YES_AGGRESSIVE;
				CLANG_WARN_UNREACHABLE_CODE = YES;
				CLANG_WARN__DUPLICATE_METHOD_MATCH = YES;
				COPY_PHASE_STRIP = NO;
				DEBUG_INFORMATION_FORMAT = dwarf;
				ENABLE_STRICT_OBJC_MSGSEND = YES;
				ENABLE_TESTABILITY = YES;
				GCC_C_LANGUAGE_STANDARD = gnu11;
				GCC_DYNAMIC_NO_PIC = NO;
				GCC_NO_COMMON_BLOCKS = YES;
				GCC_OPTIMIZATION_LEVEL = 0;
				GCC_PREPROCESSOR_DEFINITIONS = (
					"DEBUG=1",
					"$(inherited)",
				);
				GCC_WARN_64_TO_32_BIT_CONVERSION = YES;
				GCC_WARN_ABOUT_RETURN_TYPE = YES_ERROR;
				GCC_WARN_UNDECLARED_SELECTOR = YES;
				GCC_WARN_UNINITIALIZED_AUTOS = YES_AGGRESSIVE;
				GCC_WARN_UNUSED_FUNCTION = YES;
				GCC_WARN_UNUSED_VARIABLE = YES;
				IPHONEOS_DEPLOYMENT_TARGET = 14.0;
				MTL_ENABLE_DEBUG_INFO = INCLUDE_SOURCE;
				MTL_FAST_MATH = YES;
				ONLY_ACTIVE_ARCH = YES;
				SDKROOT = iphoneos;
				SWIFT_ACTIVE_COMPILATION_CONDITIONS = DEBUG;
				SWIFT_OPTIMIZATION_LEVEL = "-Onone";
			};
			name = Debug;
		};
		00433963254F72980061C0CB /* Release */ = {
			isa = XCBuildConfiguration;
			buildSettings = {
				ALWAYS_SEARCH_USER_PATHS = NO;
				CLANG_ANALYZER_NONNULL = YES;
				CLANG_ANALYZER_NUMBER_OBJECT_CONVERSION = YES_AGGRESSIVE;
				CLANG_CXX_LANGUAGE_STANDARD = "gnu++14";
				CLANG_CXX_LIBRARY = "libc++";
				CLANG_ENABLE_MODULES = YES;
				CLANG_ENABLE_OBJC_ARC = YES;
				CLANG_ENABLE_OBJC_WEAK = YES;
				CLANG_WARN_BLOCK_CAPTURE_AUTORELEASING = YES;
				CLANG_WARN_BOOL_CONVERSION = YES;
				CLANG_WARN_COMMA = YES;
				CLANG_WARN_CONSTANT_CONVERSION = YES;
				CLANG_WARN_DEPRECATED_OBJC_IMPLEMENTATIONS = YES;
				CLANG_WARN_DIRECT_OBJC_ISA_USAGE = YES_ERROR;
				CLANG_WARN_DOCUMENTATION_COMMENTS = YES;
				CLANG_WARN_EMPTY_BODY = YES;
				CLANG_WARN_ENUM_CONVERSION = YES;
				CLANG_WARN_INFINITE_RECURSION = YES;
				CLANG_WARN_INT_CONVERSION = YES;
				CLANG_WARN_NON_LITERAL_NULL_CONVERSION = YES;
				CLANG_WARN_OBJC_IMPLICIT_RETAIN_SELF = YES;
				CLANG_WARN_OBJC_LITERAL_CONVERSION = YES;
				CLANG_WARN_OBJC_ROOT_CLASS = YES_ERROR;
				CLANG_WARN_QUOTED_INCLUDE_IN_FRAMEWORK_HEADER = YES;
				CLANG_WARN_RANGE_LOOP_ANALYSIS = YES;
				CLANG_WARN_STRICT_PROTOTYPES = YES;
				CLANG_WARN_SUSPICIOUS_MOVE = YES;
				CLANG_WARN_UNGUARDED_AVAILABILITY = YES_AGGRESSIVE;
				CLANG_WARN_UNREACHABLE_CODE = YES;
				CLANG_WARN__DUPLICATE_METHOD_MATCH = YES;
				COPY_PHASE_STRIP = NO;
				DEBUG_INFORMATION_FORMAT = "dwarf-with-dsym";
				ENABLE_NS_ASSERTIONS = NO;
				ENABLE_STRICT_OBJC_MSGSEND = YES;
				GCC_C_LANGUAGE_STANDARD = gnu11;
				GCC_NO_COMMON_BLOCKS = YES;
				GCC_WARN_64_TO_32_BIT_CONVERSION = YES;
				GCC_WARN_ABOUT_RETURN_TYPE = YES_ERROR;
				GCC_WARN_UNDECLARED_SELECTOR = YES;
				GCC_WARN_UNINITIALIZED_AUTOS = YES_AGGRESSIVE;
				GCC_WARN_UNUSED_FUNCTION = YES;
				GCC_WARN_UNUSED_VARIABLE = YES;
				IPHONEOS_DEPLOYMENT_TARGET = 14.0;
				MTL_ENABLE_DEBUG_INFO = NO;
				MTL_FAST_MATH = YES;
				SDKROOT = iphoneos;
				SWIFT_COMPILATION_MODE = wholemodule;
				SWIFT_OPTIMIZATION_LEVEL = "-O";
				VALIDATE_PRODUCT = YES;
			};
			name = Release;
		};
		00433965254F72980061C0CB /* Debug */ = {
			isa = XCBuildConfiguration;
			baseConfigurationReference = EC779820B9A51D451C86B0C5 /* Pods-PerryThePenguin.debug.xcconfig */;
			buildSettings = {
				ASSETCATALOG_COMPILER_APPICON_NAME = AppIcon;
				ASSETCATALOG_COMPILER_GLOBAL_ACCENT_COLOR_NAME = AccentColor;
				CODE_SIGN_STYLE = Automatic;
				DEVELOPMENT_TEAM = QVH5R3W5B7;
				INFOPLIST_FILE = PerryThePenguin/Info.plist;
				LD_RUNPATH_SEARCH_PATHS = (
					"$(inherited)",
					"@executable_path/Frameworks",
				);
				PRODUCT_BUNDLE_IDENTIFIER = BU.PerryThePenguin;
				PRODUCT_NAME = "$(TARGET_NAME)";
				SWIFT_VERSION = 5.0;
				TARGETED_DEVICE_FAMILY = "1,2";
			};
			name = Debug;
		};
		00433966254F72980061C0CB /* Release */ = {
			isa = XCBuildConfiguration;
			baseConfigurationReference = 9790A9A5DAFC52FF2A58488D /* Pods-PerryThePenguin.release.xcconfig */;
			buildSettings = {
				ASSETCATALOG_COMPILER_APPICON_NAME = AppIcon;
				ASSETCATALOG_COMPILER_GLOBAL_ACCENT_COLOR_NAME = AccentColor;
				CODE_SIGN_STYLE = Automatic;
				DEVELOPMENT_TEAM = QVH5R3W5B7;
				INFOPLIST_FILE = PerryThePenguin/Info.plist;
				LD_RUNPATH_SEARCH_PATHS = (
					"$(inherited)",
					"@executable_path/Frameworks",
				);
				PRODUCT_BUNDLE_IDENTIFIER = BU.PerryThePenguin;
				PRODUCT_NAME = "$(TARGET_NAME)";
				SWIFT_VERSION = 5.0;
				TARGETED_DEVICE_FAMILY = "1,2";
			};
			name = Release;
		};
/* End XCBuildConfiguration section */

/* Begin XCConfigurationList section */
		0043394B254F72960061C0CB /* Build configuration list for PBXProject "PerryThePenguin" */ = {
			isa = XCConfigurationList;
			buildConfigurations = (
				00433962254F72980061C0CB /* Debug */,
				00433963254F72980061C0CB /* Release */,
			);
			defaultConfigurationIsVisible = 0;
			defaultConfigurationName = Release;
		};
		00433964254F72980061C0CB /* Build configuration list for PBXNativeTarget "PerryThePenguin" */ = {
			isa = XCConfigurationList;
			buildConfigurations = (
				00433965254F72980061C0CB /* Debug */,
				00433966254F72980061C0CB /* Release */,
			);
			defaultConfigurationIsVisible = 0;
			defaultConfigurationName = Release;
		};
/* End XCConfigurationList section */
	};
	rootObject = 00433948254F72960061C0CB /* Project object */;
}
